
Microsoft Visual Studio Solution File, Format Version 12.00
# Visual Studio Version 16
VisualStudioVersion = 16.0.31321.278
MinimumVisualStudioVersion = 10.0.40219.1
Project("{FAE04EC0-301F-11D3-BF4B-00C04F79EFBC}") = "WinFormsApp2", "WinFormsApp2\WinFormsApp2.csproj", "{9B579F8B-7DD4-46FF-8259-0C23A974297A}"
EndProject
Global
	GlobalSection(SolutionConfigurationPlatforms) = preSolution
		Debug|Any CPU = Debug|Any CPU
		Release|Any CPU = Release|Any CPU
	EndGlobalSection
	GlobalSection(ProjectConfigurationPlatforms) = postSolution
		{9B579F8B-7DD4-46FF-8259-0C23A974297A}.Debug|Any CPU.ActiveCfg = Debug|Any CPU
		{9B579F8B-7DD4-46FF-8259-0C23A974297A}.Debug|Any CPU.Build.0 = Debug|Any CPU
		{9B579F8B-7DD4-46FF-8259-0C23A974297A}.Release|Any CPU.ActiveCfg = Release|Any CPU
		{9B579F8B-7DD4-46FF-8259-0C23A974297A}.Release|Any CPU.Build.0 = Release|Any CPU
	EndGlobalSection
	GlobalSection(SolutionProperties) = preSolution
		HideSolutionNode = FALSE
	EndGlobalSection
	GlobalSection(ExtensibilityGlobals) = postSolution
		SolutionGuid = {7D365B3D-D512-42C5-B645-A52646F91116}
	EndGlobalSection
EndGlobal
